// !$*UTF8*$!
{
	archiveVersion = 1;
	classes = {
	};
	objectVersion = 51;
	objects = {

/* Begin PBXBuildFile section */
		28BABAAA5660A73356D1A353 /* Pods_ToDoList_ios.framework in Frameworks */ = {isa = PBXBuildFile; fileRef = CD15899F3BCDB84B659606AF /* Pods_ToDoList_ios.framework */; };
		4F4DB16625C13DF200C6ECD3 /* AppDelegate.swift in Sources */ = {isa = PBXBuildFile; fileRef = 4F4DB16525C13DF200C6ECD3 /* AppDelegate.swift */; };
		4F4DB16825C13DF200C6ECD3 /* SceneDelegate.swift in Sources */ = {isa = PBXBuildFile; fileRef = 4F4DB16725C13DF200C6ECD3 /* SceneDelegate.swift */; };
		4F4DB16A25C13DF200C6ECD3 /* HomeViewController.swift in Sources */ = {isa = PBXBuildFile; fileRef = 4F4DB16925C13DF200C6ECD3 /* HomeViewController.swift */; };
		4F4DB16D25C13DF200C6ECD3 /* Main.storyboard in Resources */ = {isa = PBXBuildFile; fileRef = 4F4DB16B25C13DF200C6ECD3 /* Main.storyboard */; };
		4F4DB16F25C13DF900C6ECD3 /* Assets.xcassets in Resources */ = {isa = PBXBuildFile; fileRef = 4F4DB16E25C13DF900C6ECD3 /* Assets.xcassets */; };
		4F4DB17225C13DF900C6ECD3 /* LaunchScreen.storyboard in Resources */ = {isa = PBXBuildFile; fileRef = 4F4DB17025C13DF900C6ECD3 /* LaunchScreen.storyboard */; };
		4F4DB17D25C13DF900C6ECD3 /* ToDoList_iosTests.swift in Sources */ = {isa = PBXBuildFile; fileRef = 4F4DB17C25C13DF900C6ECD3 /* ToDoList_iosTests.swift */; };
		4F4DB18825C13DF900C6ECD3 /* ToDoList_iosUITests.swift in Sources */ = {isa = PBXBuildFile; fileRef = 4F4DB18725C13DF900C6ECD3 /* ToDoList_iosUITests.swift */; };
		4F4DB1A725C18C6F00C6ECD3 /* ToDoCell.swift in Sources */ = {isa = PBXBuildFile; fileRef = 4F4DB1A525C18C6F00C6ECD3 /* ToDoCell.swift */; };
		4F4DB1A825C18C6F00C6ECD3 /* ToDoCell.xib in Resources */ = {isa = PBXBuildFile; fileRef = 4F4DB1A625C18C6F00C6ECD3 /* ToDoCell.xib */; };
		4FDDEE9825C684FB00CBBD57 /* Constants.swift in Sources */ = {isa = PBXBuildFile; fileRef = 4FDDEE9725C684FB00CBBD57 /* Constants.swift */; };
		4FDDEF2925F7934D00CBBD57 /* AddPlanViewController.swift in Sources */ = {isa = PBXBuildFile; fileRef = 4FDDEF2825F7934D00CBBD57 /* AddPlanViewController.swift */; };
		55C282957D430D53AD3C2793 /* Pods_ToDoList_iosTests.framework in Frameworks */ = {isa = PBXBuildFile; fileRef = 660BC0F825860B245E45E8C7 /* Pods_ToDoList_iosTests.framework */; };
		F79B29473925CDFF04440344 /* Pods_ToDoList_ios_ToDoList_iosUITests.framework in Frameworks */ = {isa = PBXBuildFile; fileRef = DA0B6469E6CD8DB2F177027F /* Pods_ToDoList_ios_ToDoList_iosUITests.framework */; };
/* End PBXBuildFile section */

/* Begin PBXContainerItemProxy section */
		4F4DB17925C13DF900C6ECD3 /* PBXContainerItemProxy */ = {
			isa = PBXContainerItemProxy;
			containerPortal = 4F4DB15A25C13DF200C6ECD3 /* Project object */;
			proxyType = 1;
			remoteGlobalIDString = 4F4DB16125C13DF200C6ECD3;
			remoteInfo = ToDoList_ios;
		};
		4F4DB18425C13DF900C6ECD3 /* PBXContainerItemProxy */ = {
			isa = PBXContainerItemProxy;
			containerPortal = 4F4DB15A25C13DF200C6ECD3 /* Project object */;
			proxyType = 1;
			remoteGlobalIDString = 4F4DB16125C13DF200C6ECD3;
			remoteInfo = ToDoList_ios;
		};
/* End PBXContainerItemProxy section */

/* Begin PBXFileReference section */
		36AFDBF331EE2649A96C5783 /* Pods-ToDoList_ios.debug.xcconfig */ = {isa = PBXFileReference; includeInIndex = 1; lastKnownFileType = text.xcconfig; name = "Pods-ToDoList_ios.debug.xcconfig"; path = "Target Support Files/Pods-ToDoList_ios/Pods-ToDoList_ios.debug.xcconfig"; sourceTree = "<group>"; };
		4F4DB16225C13DF200C6ECD3 /* ToDoList_ios.app */ = {isa = PBXFileReference; explicitFileType = wrapper.application; includeInIndex = 0; path = ToDoList_ios.app; sourceTree = BUILT_PRODUCTS_DIR; };
		4F4DB16525C13DF200C6ECD3 /* AppDelegate.swift */ = {isa = PBXFileReference; lastKnownFileType = sourcecode.swift; path = AppDelegate.swift; sourceTree = "<group>"; };
		4F4DB16725C13DF200C6ECD3 /* SceneDelegate.swift */ = {isa = PBXFileReference; lastKnownFileType = sourcecode.swift; path = SceneDelegate.swift; sourceTree = "<group>"; };
		4F4DB16925C13DF200C6ECD3 /* HomeViewController.swift */ = {isa = PBXFileReference; lastKnownFileType = sourcecode.swift; path = HomeViewController.swift; sourceTree = "<group>"; };
		4F4DB16C25C13DF200C6ECD3 /* Base */ = {isa = PBXFileReference; lastKnownFileType = file.storyboard; name = Base; path = Base.lproj/Main.storyboard; sourceTree = "<group>"; };
		4F4DB16E25C13DF900C6ECD3 /* Assets.xcassets */ = {isa = PBXFileReference; lastKnownFileType = folder.assetcatalog; path = Assets.xcassets; sourceTree = "<group>"; };
		4F4DB17125C13DF900C6ECD3 /* Base */ = {isa = PBXFileReference; lastKnownFileType = file.storyboard; name = Base; path = Base.lproj/LaunchScreen.storyboard; sourceTree = "<group>"; };
		4F4DB17325C13DF900C6ECD3 /* Info.plist */ = {isa = PBXFileReference; lastKnownFileType = text.plist.xml; path = Info.plist; sourceTree = "<group>"; };
		4F4DB17825C13DF900C6ECD3 /* ToDoList_iosTests.xctest */ = {isa = PBXFileReference; explicitFileType = wrapper.cfbundle; includeInIndex = 0; path = ToDoList_iosTests.xctest; sourceTree = BUILT_PRODUCTS_DIR; };
		4F4DB17C25C13DF900C6ECD3 /* ToDoList_iosTests.swift */ = {isa = PBXFileReference; lastKnownFileType = sourcecode.swift; path = ToDoList_iosTests.swift; sourceTree = "<group>"; };
		4F4DB17E25C13DF900C6ECD3 /* Info.plist */ = {isa = PBXFileReference; lastKnownFileType = text.plist.xml; path = Info.plist; sourceTree = "<group>"; };
		4F4DB18325C13DF900C6ECD3 /* ToDoList_iosUITests.xctest */ = {isa = PBXFileReference; explicitFileType = wrapper.cfbundle; includeInIndex = 0; path = ToDoList_iosUITests.xctest; sourceTree = BUILT_PRODUCTS_DIR; };
		4F4DB18725C13DF900C6ECD3 /* ToDoList_iosUITests.swift */ = {isa = PBXFileReference; lastKnownFileType = sourcecode.swift; path = ToDoList_iosUITests.swift; sourceTree = "<group>"; };
		4F4DB18925C13DF900C6ECD3 /* Info.plist */ = {isa = PBXFileReference; lastKnownFileType = text.plist.xml; path = Info.plist; sourceTree = "<group>"; };
		4F4DB1A525C18C6F00C6ECD3 /* ToDoCell.swift */ = {isa = PBXFileReference; lastKnownFileType = sourcecode.swift; path = ToDoCell.swift; sourceTree = "<group>"; };
		4F4DB1A625C18C6F00C6ECD3 /* ToDoCell.xib */ = {isa = PBXFileReference; lastKnownFileType = file.xib; path = ToDoCell.xib; sourceTree = "<group>"; };
		4FDDEE9725C684FB00CBBD57 /* Constants.swift */ = {isa = PBXFileReference; lastKnownFileType = sourcecode.swift; path = Constants.swift; sourceTree = "<group>"; };
		4FDDEF2825F7934D00CBBD57 /* AddPlanViewController.swift */ = {isa = PBXFileReference; lastKnownFileType = sourcecode.swift; path = AddPlanViewController.swift; sourceTree = "<group>"; };
		660BC0F825860B245E45E8C7 /* Pods_ToDoList_iosTests.framework */ = {isa = PBXFileReference; explicitFileType = wrapper.framework; includeInIndex = 0; path = Pods_ToDoList_iosTests.framework; sourceTree = BUILT_PRODUCTS_DIR; };
		97EF8A0FDB8A562C3E2F78DF /* Pods-ToDoList_iosTests.release.xcconfig */ = {isa = PBXFileReference; includeInIndex = 1; lastKnownFileType = text.xcconfig; name = "Pods-ToDoList_iosTests.release.xcconfig"; path = "Target Support Files/Pods-ToDoList_iosTests/Pods-ToDoList_iosTests.release.xcconfig"; sourceTree = "<group>"; };
		C1F36EB92F5121BF6DA547DA /* Pods-ToDoList_ios-ToDoList_iosUITests.release.xcconfig */ = {isa = PBXFileReference; includeInIndex = 1; lastKnownFileType = text.xcconfig; name = "Pods-ToDoList_ios-ToDoList_iosUITests.release.xcconfig"; path = "Target Support Files/Pods-ToDoList_ios-ToDoList_iosUITests/Pods-ToDoList_ios-ToDoList_iosUITests.release.xcconfig"; sourceTree = "<group>"; };
		C4E2669F3452EA4455D92281 /* Pods-ToDoList_iosTests.debug.xcconfig */ = {isa = PBXFileReference; includeInIndex = 1; lastKnownFileType = text.xcconfig; name = "Pods-ToDoList_iosTests.debug.xcconfig"; path = "Target Support Files/Pods-ToDoList_iosTests/Pods-ToDoList_iosTests.debug.xcconfig"; sourceTree = "<group>"; };
		CD15899F3BCDB84B659606AF /* Pods_ToDoList_ios.framework */ = {isa = PBXFileReference; explicitFileType = wrapper.framework; includeInIndex = 0; path = Pods_ToDoList_ios.framework; sourceTree = BUILT_PRODUCTS_DIR; };
		DA0B6469E6CD8DB2F177027F /* Pods_ToDoList_ios_ToDoList_iosUITests.framework */ = {isa = PBXFileReference; explicitFileType = wrapper.framework; includeInIndex = 0; path = Pods_ToDoList_ios_ToDoList_iosUITests.framework; sourceTree = BUILT_PRODUCTS_DIR; };
		EDA86B3DEE26943B4B4802A8 /* Pods-ToDoList_ios-ToDoList_iosUITests.debug.xcconfig */ = {isa = PBXFileReference; includeInIndex = 1; lastKnownFileType = text.xcconfig; name = "Pods-ToDoList_ios-ToDoList_iosUITests.debug.xcconfig"; path = "Target Support Files/Pods-ToDoList_ios-ToDoList_iosUITests/Pods-ToDoList_ios-ToDoList_iosUITests.debug.xcconfig"; sourceTree = "<group>"; };
		F0C634FF23E3126D92CB26B4 /* Pods-ToDoList_ios.release.xcconfig */ = {isa = PBXFileReference; includeInIndex = 1; lastKnownFileType = text.xcconfig; name = "Pods-ToDoList_ios.release.xcconfig"; path = "Target Support Files/Pods-ToDoList_ios/Pods-ToDoList_ios.release.xcconfig"; sourceTree = "<group>"; };
/* End PBXFileReference section */

/* Begin PBXFrameworksBuildPhase section */
		4F4DB15F25C13DF200C6ECD3 /* Frameworks */ = {
			isa = PBXFrameworksBuildPhase;
			buildActionMask = 2147483647;
			files = (
				28BABAAA5660A73356D1A353 /* Pods_ToDoList_ios.framework in Frameworks */,
			);
			runOnlyForDeploymentPostprocessing = 0;
		};
		4F4DB17525C13DF900C6ECD3 /* Frameworks */ = {
			isa = PBXFrameworksBuildPhase;
			buildActionMask = 2147483647;
			files = (
				55C282957D430D53AD3C2793 /* Pods_ToDoList_iosTests.framework in Frameworks */,
			);
			runOnlyForDeploymentPostprocessing = 0;
		};
		4F4DB18025C13DF900C6ECD3 /* Frameworks */ = {
			isa = PBXFrameworksBuildPhase;
			buildActionMask = 2147483647;
			files = (
				F79B29473925CDFF04440344 /* Pods_ToDoList_ios_ToDoList_iosUITests.framework in Frameworks */,
			);
			runOnlyForDeploymentPostprocessing = 0;
		};
/* End PBXFrameworksBuildPhase section */

/* Begin PBXGroup section */
		4F4DB15925C13DF200C6ECD3 = {
			isa = PBXGroup;
			children = (
				4F4DB16425C13DF200C6ECD3 /* ToDoList_ios */,
				4F4DB17B25C13DF900C6ECD3 /* ToDoList_iosTests */,
				4F4DB18625C13DF900C6ECD3 /* ToDoList_iosUITests */,
				4F4DB16325C13DF200C6ECD3 /* Products */,
				A96906F862ED105DD711332D /* Pods */,
				7648ED4F06D32E323D3F2CB0 /* Frameworks */,
			);
			sourceTree = "<group>";
		};
		4F4DB16325C13DF200C6ECD3 /* Products */ = {
			isa = PBXGroup;
			children = (
				4F4DB16225C13DF200C6ECD3 /* ToDoList_ios.app */,
				4F4DB17825C13DF900C6ECD3 /* ToDoList_iosTests.xctest */,
				4F4DB18325C13DF900C6ECD3 /* ToDoList_iosUITests.xctest */,
			);
			name = Products;
			sourceTree = "<group>";
		};
		4F4DB16425C13DF200C6ECD3 /* ToDoList_ios */ = {
			isa = PBXGroup;
			children = (
				4F4DB16525C13DF200C6ECD3 /* AppDelegate.swift */,
				4F4DB16725C13DF200C6ECD3 /* SceneDelegate.swift */,
				4F4DB16925C13DF200C6ECD3 /* HomeViewController.swift */,
				4F4DB16B25C13DF200C6ECD3 /* Main.storyboard */,
				4FDDEF2825F7934D00CBBD57 /* AddPlanViewController.swift */,
				4F4DB1A525C18C6F00C6ECD3 /* ToDoCell.swift */,
				4F4DB1A625C18C6F00C6ECD3 /* ToDoCell.xib */,
				4F4DB16E25C13DF900C6ECD3 /* Assets.xcassets */,
				4F4DB17025C13DF900C6ECD3 /* LaunchScreen.storyboard */,
				4F4DB17325C13DF900C6ECD3 /* Info.plist */,
				4FDDEE9725C684FB00CBBD57 /* Constants.swift */,
			);
			path = ToDoList_ios;
			sourceTree = "<group>";
		};
		4F4DB17B25C13DF900C6ECD3 /* ToDoList_iosTests */ = {
			isa = PBXGroup;
			children = (
				4F4DB17C25C13DF900C6ECD3 /* ToDoList_iosTests.swift */,
				4F4DB17E25C13DF900C6ECD3 /* Info.plist */,
			);
			path = ToDoList_iosTests;
			sourceTree = "<group>";
		};
		4F4DB18625C13DF900C6ECD3 /* ToDoList_iosUITests */ = {
			isa = PBXGroup;
			children = (
				4F4DB18725C13DF900C6ECD3 /* ToDoList_iosUITests.swift */,
				4F4DB18925C13DF900C6ECD3 /* Info.plist */,
			);
			path = ToDoList_iosUITests;
			sourceTree = "<group>";
		};
		7648ED4F06D32E323D3F2CB0 /* Frameworks */ = {
			isa = PBXGroup;
			children = (
				CD15899F3BCDB84B659606AF /* Pods_ToDoList_ios.framework */,
				DA0B6469E6CD8DB2F177027F /* Pods_ToDoList_ios_ToDoList_iosUITests.framework */,
				660BC0F825860B245E45E8C7 /* Pods_ToDoList_iosTests.framework */,
			);
			name = Frameworks;
			sourceTree = "<group>";
		};
		A96906F862ED105DD711332D /* Pods */ = {
			isa = PBXGroup;
			children = (
				36AFDBF331EE2649A96C5783 /* Pods-ToDoList_ios.debug.xcconfig */,
				F0C634FF23E3126D92CB26B4 /* Pods-ToDoList_ios.release.xcconfig */,
				EDA86B3DEE26943B4B4802A8 /* Pods-ToDoList_ios-ToDoList_iosUITests.debug.xcconfig */,
				C1F36EB92F5121BF6DA547DA /* Pods-ToDoList_ios-ToDoList_iosUITests.release.xcconfig */,
				C4E2669F3452EA4455D92281 /* Pods-ToDoList_iosTests.debug.xcconfig */,
				97EF8A0FDB8A562C3E2F78DF /* Pods-ToDoList_iosTests.release.xcconfig */,
			);
			path = Pods;
			sourceTree = "<group>";
		};
/* End PBXGroup section */

/* Begin PBXNativeTarget section */
		4F4DB16125C13DF200C6ECD3 /* ToDoList_ios */ = {
			isa = PBXNativeTarget;
			buildConfigurationList = 4F4DB18C25C13DF900C6ECD3 /* Build configuration list for PBXNativeTarget "ToDoList_ios" */;
			buildPhases = (
				193F457A9CCA959C5DC2044B /* [CP] Check Pods Manifest.lock */,
				4F4DB15E25C13DF200C6ECD3 /* Sources */,
				4F4DB15F25C13DF200C6ECD3 /* Frameworks */,
				4F4DB16025C13DF200C6ECD3 /* Resources */,
				BD755D1BFA0335F984E3933B /* [CP] Embed Pods Frameworks */,
			);
			buildRules = (
			);
			dependencies = (
			);
			name = ToDoList_ios;
			productName = ToDoList_ios;
			productReference = 4F4DB16225C13DF200C6ECD3 /* ToDoList_ios.app */;
			productType = "com.apple.product-type.application";
		};
		4F4DB17725C13DF900C6ECD3 /* ToDoList_iosTests */ = {
			isa = PBXNativeTarget;
			buildConfigurationList = 4F4DB18F25C13DF900C6ECD3 /* Build configuration list for PBXNativeTarget "ToDoList_iosTests" */;
			buildPhases = (
				84E321E953060DF575AD5FF5 /* [CP] Check Pods Manifest.lock */,
				4F4DB17425C13DF900C6ECD3 /* Sources */,
				4F4DB17525C13DF900C6ECD3 /* Frameworks */,
				4F4DB17625C13DF900C6ECD3 /* Resources */,
			);
			buildRules = (
			);
			dependencies = (
				4F4DB17A25C13DF900C6ECD3 /* PBXTargetDependency */,
			);
			name = ToDoList_iosTests;
			productName = ToDoList_iosTests;
			productReference = 4F4DB17825C13DF900C6ECD3 /* ToDoList_iosTests.xctest */;
			productType = "com.apple.product-type.bundle.unit-test";
		};
		4F4DB18225C13DF900C6ECD3 /* ToDoList_iosUITests */ = {
			isa = PBXNativeTarget;
			buildConfigurationList = 4F4DB19225C13DF900C6ECD3 /* Build configuration list for PBXNativeTarget "ToDoList_iosUITests" */;
			buildPhases = (
				7A7137A9D124044CEB67BDCC /* [CP] Check Pods Manifest.lock */,
				4F4DB17F25C13DF900C6ECD3 /* Sources */,
				4F4DB18025C13DF900C6ECD3 /* Frameworks */,
				4F4DB18125C13DF900C6ECD3 /* Resources */,
				024C42FA9836153E5318F535 /* [CP] Embed Pods Frameworks */,
			);
			buildRules = (
			);
			dependencies = (
				4F4DB18525C13DF900C6ECD3 /* PBXTargetDependency */,
			);
			name = ToDoList_iosUITests;
			productName = ToDoList_iosUITests;
			productReference = 4F4DB18325C13DF900C6ECD3 /* ToDoList_iosUITests.xctest */;
			productType = "com.apple.product-type.bundle.ui-testing";
		};
/* End PBXNativeTarget section */

/* Begin PBXProject section */
		4F4DB15A25C13DF200C6ECD3 /* Project object */ = {
			isa = PBXProject;
			attributes = {
				LastSwiftUpdateCheck = 1230;
				LastUpgradeCheck = 1230;
				TargetAttributes = {
					4F4DB16125C13DF200C6ECD3 = {
						CreatedOnToolsVersion = 12.3;
					};
					4F4DB17725C13DF900C6ECD3 = {
						CreatedOnToolsVersion = 12.3;
						TestTargetID = 4F4DB16125C13DF200C6ECD3;
					};
					4F4DB18225C13DF900C6ECD3 = {
						CreatedOnToolsVersion = 12.3;
						TestTargetID = 4F4DB16125C13DF200C6ECD3;
					};
				};
			};
			buildConfigurationList = 4F4DB15D25C13DF200C6ECD3 /* Build configuration list for PBXProject "ToDoList_ios" */;
			compatibilityVersion = "Xcode 9.3";
			developmentRegion = en;
			hasScannedForEncodings = 0;
			knownRegions = (
				en,
				Base,
			);
			mainGroup = 4F4DB15925C13DF200C6ECD3;
			productRefGroup = 4F4DB16325C13DF200C6ECD3 /* Products */;
			projectDirPath = "";
			projectRoot = "";
			targets = (
				4F4DB16125C13DF200C6ECD3 /* ToDoList_ios */,
				4F4DB17725C13DF900C6ECD3 /* ToDoList_iosTests */,
				4F4DB18225C13DF900C6ECD3 /* ToDoList_iosUITests */,
			);
		};
/* End PBXProject section */

/* Begin PBXResourcesBuildPhase section */
		4F4DB16025C13DF200C6ECD3 /* Resources */ = {
			isa = PBXResourcesBuildPhase;
			buildActionMask = 2147483647;
			files = (
				4F4DB17225C13DF900C6ECD3 /* LaunchScreen.storyboard in Resources */,
				4F4DB1A825C18C6F00C6ECD3 /* ToDoCell.xib in Resources */,
				4F4DB16F25C13DF900C6ECD3 /* Assets.xcassets in Resources */,
				4F4DB16D25C13DF200C6ECD3 /* Main.storyboard in Resources */,
			);
			runOnlyForDeploymentPostprocessing = 0;
		};
		4F4DB17625C13DF900C6ECD3 /* Resources */ = {
			isa = PBXResourcesBuildPhase;
			buildActionMask = 2147483647;
			files = (
			);
			runOnlyForDeploymentPostprocessing = 0;
		};
		4F4DB18125C13DF900C6ECD3 /* Resources */ = {
			isa = PBXResourcesBuildPhase;
			buildActionMask = 2147483647;
			files = (
			);
			runOnlyForDeploymentPostprocessing = 0;
		};
/* End PBXResourcesBuildPhase section */

/* Begin PBXShellScriptBuildPhase section */
		024C42FA9836153E5318F535 /* [CP] Embed Pods Frameworks */ = {
			isa = PBXShellScriptBuildPhase;
			buildActionMask = 2147483647;
			files = (
			);
			inputFileListPaths = (
				"${PODS_ROOT}/Target Support Files/Pods-ToDoList_ios-ToDoList_iosUITests/Pods-ToDoList_ios-ToDoList_iosUITests-frameworks-${CONFIGURATION}-input-files.xcfilelist",
			);
			name = "[CP] Embed Pods Frameworks";
			outputFileListPaths = (
				"${PODS_ROOT}/Target Support Files/Pods-ToDoList_ios-ToDoList_iosUITests/Pods-ToDoList_ios-ToDoList_iosUITests-frameworks-${CONFIGURATION}-output-files.xcfilelist",
			);
			runOnlyForDeploymentPostprocessing = 0;
			shellPath = /bin/sh;
			shellScript = "\"${PODS_ROOT}/Target Support Files/Pods-ToDoList_ios-ToDoList_iosUITests/Pods-ToDoList_ios-ToDoList_iosUITests-frameworks.sh\"\n";
			showEnvVarsInLog = 0;
		};
		193F457A9CCA959C5DC2044B /* [CP] Check Pods Manifest.lock */ = {
			isa = PBXShellScriptBuildPhase;
			buildActionMask = 2147483647;
			files = (
			);
			inputFileListPaths = (
			);
			inputPaths = (
				"${PODS_PODFILE_DIR_PATH}/Podfile.lock",
				"${PODS_ROOT}/Manifest.lock",
			);
			name = "[CP] Check Pods Manifest.lock";
			outputFileListPaths = (
			);
			outputPaths = (
				"$(DERIVED_FILE_DIR)/Pods-ToDoList_ios-checkManifestLockResult.txt",
			);
			runOnlyForDeploymentPostprocessing = 0;
			shellPath = /bin/sh;
			shellScript = "diff \"${PODS_PODFILE_DIR_PATH}/Podfile.lock\" \"${PODS_ROOT}/Manifest.lock\" > /dev/null\nif [ $? != 0 ] ; then\n    # print error to STDERR\n    echo \"error: The sandbox is not in sync with the Podfile.lock. Run 'pod install' or update your CocoaPods installation.\" >&2\n    exit 1\nfi\n# This output is used by Xcode 'outputs' to avoid re-running this script phase.\necho \"SUCCESS\" > \"${SCRIPT_OUTPUT_FILE_0}\"\n";
			showEnvVarsInLog = 0;
		};
		7A7137A9D124044CEB67BDCC /* [CP] Check Pods Manifest.lock */ = {
			isa = PBXShellScriptBuildPhase;
			buildActionMask = 2147483647;
			files = (
			);
			inputFileListPaths = (
			);
			inputPaths = (
				"${PODS_PODFILE_DIR_PATH}/Podfile.lock",
				"${PODS_ROOT}/Manifest.lock",
			);
			name = "[CP] Check Pods Manifest.lock";
			outputFileListPaths = (
			);
			outputPaths = (
				"$(DERIVED_FILE_DIR)/Pods-ToDoList_ios-ToDoList_iosUITests-checkManifestLockResult.txt",
			);
			runOnlyForDeploymentPostprocessing = 0;
			shellPath = /bin/sh;
			shellScript = "diff \"${PODS_PODFILE_DIR_PATH}/Podfile.lock\" \"${PODS_ROOT}/Manifest.lock\" > /dev/null\nif [ $? != 0 ] ; then\n    # print error to STDERR\n    echo \"error: The sandbox is not in sync with the Podfile.lock. Run 'pod install' or update your CocoaPods installation.\" >&2\n    exit 1\nfi\n# This output is used by Xcode 'outputs' to avoid re-running this script phase.\necho \"SUCCESS\" > \"${SCRIPT_OUTPUT_FILE_0}\"\n";
			showEnvVarsInLog = 0;
		};
		84E321E953060DF575AD5FF5 /* [CP] Check Pods Manifest.lock */ = {
			isa = PBXShellScriptBuildPhase;
			buildActionMask = 2147483647;
			files = (
			);
			inputFileListPaths = (
			);
			inputPaths = (
				"${PODS_PODFILE_DIR_PATH}/Podfile.lock",
				"${PODS_ROOT}/Manifest.lock",
			);
			name = "[CP] Check Pods Manifest.lock";
			outputFileListPaths = (
			);
			outputPaths = (
				"$(DERIVED_FILE_DIR)/Pods-ToDoList_iosTests-checkManifestLockResult.txt",
			);
			runOnlyForDeploymentPostprocessing = 0;
			shellPath = /bin/sh;
			shellScript = "diff \"${PODS_PODFILE_DIR_PATH}/Podfile.lock\" \"${PODS_ROOT}/Manifest.lock\" > /dev/null\nif [ $? != 0 ] ; then\n    # print error to STDERR\n    echo \"error: The sandbox is not in sync with the Podfile.lock. Run 'pod install' or update your CocoaPods installation.\" >&2\n    exit 1\nfi\n# This output is used by Xcode 'outputs' to avoid re-running this script phase.\necho \"SUCCESS\" > \"${SCRIPT_OUTPUT_FILE_0}\"\n";
			showEnvVarsInLog = 0;
		};
		BD755D1BFA0335F984E3933B /* [CP] Embed Pods Frameworks */ = {
			isa = PBXShellScriptBuildPhase;
			buildActionMask = 2147483647;
			files = (
			);
			inputFileListPaths = (
				"${PODS_ROOT}/Target Support Files/Pods-ToDoList_ios/Pods-ToDoList_ios-frameworks-${CONFIGURATION}-input-files.xcfilelist",
			);
			name = "[CP] Embed Pods Frameworks";
			outputFileListPaths = (
				"${PODS_ROOT}/Target Support Files/Pods-ToDoList_ios/Pods-ToDoList_ios-frameworks-${CONFIGURATION}-output-files.xcfilelist",
			);
			runOnlyForDeploymentPostprocessing = 0;
			shellPath = /bin/sh;
			shellScript = "\"${PODS_ROOT}/Target Support Files/Pods-ToDoList_ios/Pods-ToDoList_ios-frameworks.sh\"\n";
			showEnvVarsInLog = 0;
		};
/* End PBXShellScriptBuildPhase section */

/* Begin PBXSourcesBuildPhase section */
		4F4DB15E25C13DF200C6ECD3 /* Sources */ = {
			isa = PBXSourcesBuildPhase;
			buildActionMask = 2147483647;
			files = (
				4FDDEE9825C684FB00CBBD57 /* Constants.swift in Sources */,
				4F4DB16A25C13DF200C6ECD3 /* HomeViewController.swift in Sources */,
				4F4DB1A725C18C6F00C6ECD3 /* ToDoCell.swift in Sources */,
				4F4DB16625C13DF200C6ECD3 /* AppDelegate.swift in Sources */,
				4F4DB16825C13DF200C6ECD3 /* SceneDelegate.swift in Sources */,
				4FDDEF2925F7934D00CBBD57 /* AddPlanViewController.swift in Sources */,
			);
			runOnlyForDeploymentPostprocessing = 0;
		};
		4F4DB17425C13DF900C6ECD3 /* Sources */ = {
			isa = PBXSourcesBuildPhase;
			buildActionMask = 2147483647;
			files = (
				4F4DB17D25C13DF900C6ECD3 /* ToDoList_iosTests.swift in Sources */,
			);
			runOnlyForDeploymentPostprocessing = 0;
		};
		4F4DB17F25C13DF900C6ECD3 /* Sources */ = {
			isa = PBXSourcesBuildPhase;
			buildActionMask = 2147483647;
			files = (
				4F4DB18825C13DF900C6ECD3 /* ToDoList_iosUITests.swift in Sources */,
			);
			runOnlyForDeploymentPostprocessing = 0;
		};
/* End PBXSourcesBuildPhase section */

/* Begin PBXTargetDependency section */
		4F4DB17A25C13DF900C6ECD3 /* PBXTargetDependency */ = {
			isa = PBXTargetDependency;
			target = 4F4DB16125C13DF200C6ECD3 /* ToDoList_ios */;
			targetProxy = 4F4DB17925C13DF900C6ECD3 /* PBXContainerItemProxy */;
		};
		4F4DB18525C13DF900C6ECD3 /* PBXTargetDependency */ = {
			isa = PBXTargetDependency;
			target = 4F4DB16125C13DF200C6ECD3 /* ToDoList_ios */;
			targetProxy = 4F4DB18425C13DF900C6ECD3 /* PBXContainerItemProxy */;
		};
/* End PBXTargetDependency section */

/* Begin PBXVariantGroup section */
		4F4DB16B25C13DF200C6ECD3 /* Main.storyboard */ = {
			isa = PBXVariantGroup;
			children = (
				4F4DB16C25C13DF200C6ECD3 /* Base */,
			);
			name = Main.storyboard;
			sourceTree = "<group>";
		};
		4F4DB17025C13DF900C6ECD3 /* LaunchScreen.storyboard */ = {
			isa = PBXVariantGroup;
			children = (
				4F4DB17125C13DF900C6ECD3 /* Base */,
			);
			name = LaunchScreen.storyboard;
			sourceTree = "<group>";
		};
/* End PBXVariantGroup section */

/* Begin XCBuildConfiguration section */
		4F4DB18A25C13DF900C6ECD3 /* Debug */ = {
			isa = XCBuildConfiguration;
			buildSettings = {
				ALWAYS_SEARCH_USER_PATHS = NO;
				CLANG_ANALYZER_NONNULL = YES;
				CLANG_ANALYZER_NUMBER_OBJECT_CONVERSION = YES_AGGRESSIVE;
				CLANG_CXX_LANGUAGE_STANDARD = "gnu++14";
				CLANG_CXX_LIBRARY = "libc++";
				CLANG_ENABLE_MODULES = YES;
				CLANG_ENABLE_OBJC_ARC = YES;
				CLANG_ENABLE_OBJC_WEAK = YES;
				CLANG_WARN_BLOCK_CAPTURE_AUTORELEASING = YES;
				CLANG_WARN_BOOL_CONVERSION = YES;
				CLANG_WARN_COMMA = YES;
				CLANG_WARN_CONSTANT_CONVERSION = YES;
				CLANG_WARN_DEPRECATED_OBJC_IMPLEMENTATIONS = YES;
				CLANG_WARN_DIRECT_OBJC_ISA_USAGE = YES_ERROR;
				CLANG_WARN_DOCUMENTATION_COMMENTS = YES;
				CLANG_WARN_EMPTY_BODY = YES;
				CLANG_WARN_ENUM_CONVERSION = YES;
				CLANG_WARN_INFINITE_RECURSION = YES;
				CLANG_WARN_INT_CONVERSION = YES;
				CLANG_WARN_NON_LITERAL_NULL_CONVERSION = YES;
				CLANG_WARN_OBJC_IMPLICIT_RETAIN_SELF = YES;
				CLANG_WARN_OBJC_LITERAL_CONVERSION = YES;
				CLANG_WARN_OBJC_ROOT_CLASS = YES_ERROR;
				CLANG_WARN_QUOTED_INCLUDE_IN_FRAMEWORK_HEADER = YES;
				CLANG_WARN_RANGE_LOOP_ANALYSIS = YES;
				CLANG_WARN_STRICT_PROTOTYPES = YES;
				CLANG_WARN_SUSPICIOUS_MOVE = YES;
				CLANG_WARN_UNGUARDED_AVAILABILITY = YES_AGGRESSIVE;
				CLANG_WARN_UNREACHABLE_CODE = YES;
				CLANG_WARN__DUPLICATE_METHOD_MATCH = YES;
				COPY_PHASE_STRIP = NO;
				DEBUG_INFORMATION_FORMAT = dwarf;
				ENABLE_STRICT_OBJC_MSGSEND = YES;
				ENABLE_TESTABILITY = YES;
				GCC_C_LANGUAGE_STANDARD = gnu11;
				GCC_DYNAMIC_NO_PIC = NO;
				GCC_NO_COMMON_BLOCKS = YES;
				GCC_OPTIMIZATION_LEVEL = 0;
				GCC_PREPROCESSOR_DEFINITIONS = (
					"DEBUG=1",
					"$(inherited)",
				);
				GCC_WARN_64_TO_32_BIT_CONVERSION = YES;
				GCC_WARN_ABOUT_RETURN_TYPE = YES_ERROR;
				GCC_WARN_UNDECLARED_SELECTOR = YES;
				GCC_WARN_UNINITIALIZED_AUTOS = YES_AGGRESSIVE;
				GCC_WARN_UNUSED_FUNCTION = YES;
				GCC_WARN_UNUSED_VARIABLE = YES;
				IPHONEOS_DEPLOYMENT_TARGET = 14.3;
				MTL_ENABLE_DEBUG_INFO = INCLUDE_SOURCE;
				MTL_FAST_MATH = YES;
				ONLY_ACTIVE_ARCH = YES;
				SDKROOT = iphoneos;
				SWIFT_ACTIVE_COMPILATION_CONDITIONS = DEBUG;
				SWIFT_OPTIMIZATION_LEVEL = "-Onone";
			};
			name = Debug;
		};
		4F4DB18B25C13DF900C6ECD3 /* Release */ = {
			isa = XCBuildConfiguration;
			buildSettings = {
				ALWAYS_SEARCH_USER_PATHS = NO;
				CLANG_ANALYZER_NONNULL = YES;
				CLANG_ANALYZER_NUMBER_OBJECT_CONVERSION = YES_AGGRESSIVE;
				CLANG_CXX_LANGUAGE_STANDARD = "gnu++14";
				CLANG_CXX_LIBRARY = "libc++";
				CLANG_ENABLE_MODULES = YES;
				CLANG_ENABLE_OBJC_ARC = YES;
				CLANG_ENABLE_OBJC_WEAK = YES;
				CLANG_WARN_BLOCK_CAPTURE_AUTORELEASING = YES;
				CLANG_WARN_BOOL_CONVERSION = YES;
				CLANG_WARN_COMMA = YES;
				CLANG_WARN_CONSTANT_CONVERSION = YES;
				CLANG_WARN_DEPRECATED_OBJC_IMPLEMENTATIONS = YES;
				CLANG_WARN_DIRECT_OBJC_ISA_USAGE = YES_ERROR;
				CLANG_WARN_DOCUMENTATION_COMMENTS = YES;
				CLANG_WARN_EMPTY_BODY = YES;
				CLANG_WARN_ENUM_CONVERSION = YES;
				CLANG_WARN_INFINITE_RECURSION = YES;
				CLANG_WARN_INT_CONVERSION = YES;
				CLANG_WARN_NON_LITERAL_NULL_CONVERSION = YES;
				CLANG_WARN_OBJC_IMPLICIT_RETAIN_SELF = YES;
				CLANG_WARN_OBJC_LITERAL_CONVERSION = YES;
				CLANG_WARN_OBJC_ROOT_CLASS = YES_ERROR;
				CLANG_WARN_QUOTED_INCLUDE_IN_FRAMEWORK_HEADER = YES;
				CLANG_WARN_RANGE_LOOP_ANALYSIS = YES;
				CLANG_WARN_STRICT_PROTOTYPES = YES;
				CLANG_WARN_SUSPICIOUS_MOVE = YES;
				CLANG_WARN_UNGUARDED_AVAILABILITY = YES_AGGRESSIVE;
				CLANG_WARN_UNREACHABLE_CODE = YES;
				CLANG_WARN__DUPLICATE_METHOD_MATCH = YES;
				COPY_PHASE_STRIP = NO;
				DEBUG_INFORMATION_FORMAT = "dwarf-with-dsym";
				ENABLE_NS_ASSERTIONS = NO;
				ENABLE_STRICT_OBJC_MSGSEND = YES;
				GCC_C_LANGUAGE_STANDARD = gnu11;
				GCC_NO_COMMON_BLOCKS = YES;
				GCC_WARN_64_TO_32_BIT_CONVERSION = YES;
				GCC_WARN_ABOUT_RETURN_TYPE = YES_ERROR;
				GCC_WARN_UNDECLARED_SELECTOR = YES;
				GCC_WARN_UNINITIALIZED_AUTOS = YES_AGGRESSIVE;
				GCC_WARN_UNUSED_FUNCTION = YES;
				GCC_WARN_UNUSED_VARIABLE = YES;
				IPHONEOS_DEPLOYMENT_TARGET = 14.3;
				MTL_ENABLE_DEBUG_INFO = NO;
				MTL_FAST_MATH = YES;
				SDKROOT = iphoneos;
				SWIFT_COMPILATION_MODE = wholemodule;
				SWIFT_OPTIMIZATION_LEVEL = "-O";
				VALIDATE_PRODUCT = YES;
			};
			name = Release;
		};
		4F4DB18D25C13DF900C6ECD3 /* Debug */ = {
			isa = XCBuildConfiguration;
			baseConfigurationReference = 36AFDBF331EE2649A96C5783 /* Pods-ToDoList_ios.debug.xcconfig */;
			buildSettings = {
				ASSETCATALOG_COMPILER_APPICON_NAME = AppIcon;
				ASSETCATALOG_COMPILER_GLOBAL_ACCENT_COLOR_NAME = AccentColor;
				CODE_SIGN_STYLE = Automatic;
				DEVELOPMENT_TEAM = T78LT82SRL;
				INFOPLIST_FILE = ToDoList_ios/Info.plist;
				LD_RUNPATH_SEARCH_PATHS = (
					"$(inherited)",
					"@executable_path/Frameworks",
				);
				PRODUCT_BUNDLE_IDENTIFIER = "com.Sakeikura.ToDoList-ios";
				PRODUCT_NAME = "$(TARGET_NAME)";
				SWIFT_VERSION = 5.0;
				TARGETED_DEVICE_FAMILY = 1;
			};
			name = Debug;
		};
		4F4DB18E25C13DF900C6ECD3 /* Release */ = {
			isa = XCBuildConfiguration;
			baseConfigurationReference = F0C634FF23E3126D92CB26B4 /* Pods-ToDoList_ios.release.xcconfig */;
			buildSettings = {
				ASSETCATALOG_COMPILER_APPICON_NAME = AppIcon;
				ASSETCATALOG_COMPILER_GLOBAL_ACCENT_COLOR_NAME = AccentColor;
				CODE_SIGN_STYLE = Automatic;
				DEVELOPMENT_TEAM = T78LT82SRL;
				INFOPLIST_FILE = ToDoList_ios/Info.plist;
				LD_RUNPATH_SEARCH_PATHS = (
					"$(inherited)",
					"@executable_path/Frameworks",
				);
				PRODUCT_BUNDLE_IDENTIFIER = "com.Sakeikura.ToDoList-ios";
				PRODUCT_NAME = "$(TARGET_NAME)";
				SWIFT_VERSION = 5.0;
				TARGETED_DEVICE_FAMILY = 1;
			};
			name = Release;
		};
		4F4DB19025C13DF900C6ECD3 /* Debug */ = {
			isa = XCBuildConfiguration;
			baseConfigurationReference = C4E2669F3452EA4455D92281 /* Pods-ToDoList_iosTests.debug.xcconfig */;
			buildSettings = {
				ALWAYS_EMBED_SWIFT_STANDARD_LIBRARIES = YES;
				BUNDLE_LOADER = "$(TEST_HOST)";
				CODE_SIGN_STYLE = Automatic;
				DEVELOPMENT_TEAM = T78LT82SRL;
				INFOPLIST_FILE = ToDoList_iosTests/Info.plist;
				IPHONEOS_DEPLOYMENT_TARGET = 14.3;
				LD_RUNPATH_SEARCH_PATHS = (
					"$(inherited)",
					"@executable_path/Frameworks",
					"@loader_path/Frameworks",
				);
				PRODUCT_BUNDLE_IDENTIFIER = "com.Sakeikura.ToDoList-iosTests";
				PRODUCT_NAME = "$(TARGET_NAME)";
				SWIFT_VERSION = 5.0;
				TARGETED_DEVICE_FAMILY = "1,2";
				TEST_HOST = "$(BUILT_PRODUCTS_DIR)/ToDoList_ios.app/ToDoList_ios";
			};
			name = Debug;
		};
		4F4DB19125C13DF900C6ECD3 /* Release */ = {
			isa = XCBuildConfiguration;
			baseConfigurationReference = 97EF8A0FDB8A562C3E2F78DF /* Pods-ToDoList_iosTests.release.xcconfig */;
			buildSettings = {
				ALWAYS_EMBED_SWIFT_STANDARD_LIBRARIES = YES;
				BUNDLE_LOADER = "$(TEST_HOST)";
				CODE_SIGN_STYLE = Automatic;
				DEVELOPMENT_TEAM = T78LT82SRL;
				INFOPLIST_FILE = ToDoList_iosTests/Info.plist;
				IPHONEOS_DEPLOYMENT_TARGET = 14.3;
				LD_RUNPATH_SEARCH_PATHS = (
					"$(inherited)",
					"@executable_path/Frameworks",
					"@loader_path/Frameworks",
				);
				PRODUCT_BUNDLE_IDENTIFIER = "com.Sakeikura.ToDoList-iosTests";
				PRODUCT_NAME = "$(TARGET_NAME)";
				SWIFT_VERSION = 5.0;
				TARGETED_DEVICE_FAMILY = "1,2";
				TEST_HOST = "$(BUILT_PRODUCTS_DIR)/ToDoList_ios.app/ToDoList_ios";
			};
			name = Release;
		};
		4F4DB19325C13DF900C6ECD3 /* Debug */ = {
			isa = XCBuildConfiguration;
			baseConfigurationReference = EDA86B3DEE26943B4B4802A8 /* Pods-ToDoList_ios-ToDoList_iosUITests.debug.xcconfig */;
			buildSettings = {
				ALWAYS_EMBED_SWIFT_STANDARD_LIBRARIES = YES;
				CODE_SIGN_STYLE = Automatic;
				DEVELOPMENT_TEAM = T78LT82SRL;
				INFOPLIST_FILE = ToDoList_iosUITests/Info.plist;
				LD_RUNPATH_SEARCH_PATHS = (
					"$(inherited)",
					"@executable_path/Frameworks",
					"@loader_path/Frameworks",
				);
				PRODUCT_BUNDLE_IDENTIFIER = "com.Sakeikura.ToDoList-iosUITests";
				PRODUCT_NAME = "$(TARGET_NAME)";
				SWIFT_VERSION = 5.0;
				TARGETED_DEVICE_FAMILY = "1,2";
				TEST_TARGET_NAME = ToDoList_ios;
			};
			name = Debug;
		};
		4F4DB19425C13DF900C6ECD3 /* Release */ = {
			isa = XCBuildConfiguration;
			baseConfigurationReference = C1F36EB92F5121BF6DA547DA /* Pods-ToDoList_ios-ToDoList_iosUITests.release.xcconfig */;
			buildSettings = {
				ALWAYS_EMBED_SWIFT_STANDARD_LIBRARIES = YES;
				CODE_SIGN_STYLE = Automatic;
				DEVELOPMENT_TEAM = T78LT82SRL;
				INFOPLIST_FILE = ToDoList_iosUITests/Info.plist;
				LD_RUNPATH_SEARCH_PATHS = (
					"$(inherited)",
					"@executable_path/Frameworks",
					"@loader_path/Frameworks",
				);
				PRODUCT_BUNDLE_IDENTIFIER = "com.Sakeikura.ToDoList-iosUITests";
				PRODUCT_NAME = "$(TARGET_NAME)";
				SWIFT_VERSION = 5.0;
				TARGETED_DEVICE_FAMILY = "1,2";
				TEST_TARGET_NAME = ToDoList_ios;
			};
			name = Release;
		};
/* End XCBuildConfiguration section */

/* Begin XCConfigurationList section */
		4F4DB15D25C13DF200C6ECD3 /* Build configuration list for PBXProject "ToDoList_ios" */ = {
			isa = XCConfigurationList;
			buildConfigurations = (
				4F4DB18A25C13DF900C6ECD3 /* Debug */,
				4F4DB18B25C13DF900C6ECD3 /* Release */,
			);
			defaultConfigurationIsVisible = 0;
			defaultConfigurationName = Release;
		};
		4F4DB18C25C13DF900C6ECD3 /* Build configuration list for PBXNativeTarget "ToDoList_ios" */ = {
			isa = XCConfigurationList;
			buildConfigurations = (
				4F4DB18D25C13DF900C6ECD3 /* Debug */,
				4F4DB18E25C13DF900C6ECD3 /* Release */,
			);
			defaultConfigurationIsVisible = 0;
			defaultConfigurationName = Release;
		};
		4F4DB18F25C13DF900C6ECD3 /* Build configuration list for PBXNativeTarget "ToDoList_iosTests" */ = {
			isa = XCConfigurationList;
			buildConfigurations = (
				4F4DB19025C13DF900C6ECD3 /* Debug */,
				4F4DB19125C13DF900C6ECD3 /* Release */,
			);
			defaultConfigurationIsVisible = 0;
			defaultConfigurationName = Release;
		};
		4F4DB19225C13DF900C6ECD3 /* Build configuration list for PBXNativeTarget "ToDoList_iosUITests" */ = {
			isa = XCConfigurationList;
			buildConfigurations = (
				4F4DB19325C13DF900C6ECD3 /* Debug */,
				4F4DB19425C13DF900C6ECD3 /* Release */,
			);
			defaultConfigurationIsVisible = 0;
			defaultConfigurationName = Release;
		};
/* End XCConfigurationList section */
	};
	rootObject = 4F4DB15A25C13DF200C6ECD3 /* Project object */;
}
